
Microsoft Visual Studio Solution File, Format Version 12.00
# Visual Studio Version 17
VisualStudioVersion = 17.1.32328.378
MinimumVisualStudioVersion = 10.0.40219.1
Project("{FAE04EC0-301F-11D3-BF4B-00C04F79EFBC}") = "ExpenseTracker.Api", "ExpenseTracker.Api\ExpenseTracker.Api.csproj", "{6CB82919-D619-4826-AF70-5D0909C14D09}"
EndProject
Project("{FAE04EC0-301F-11D3-BF4B-00C04F79EFBC}") = "ExpenseTracker.Domain", "ExpenseTracker.Domain\ExpenseTracker.Domain.csproj", "{C1EDE478-CB4E-49B5-9EED-E58FA55262CE}"
EndProject
Project("{FAE04EC0-301F-11D3-BF4B-00C04F79EFBC}") = "ExpenseTracker.Infrastructure", "ExpenseTracker.Infrastructure\ExpenseTracker.Infrastructure.csproj", "{A148C040-DB31-4067-8A9E-7BCF281530AB}"
EndProject
Project("{FAE04EC0-301F-11D3-BF4B-00C04F79EFBC}") = "ExpenseTracker.Utilities", "ExpenseTracker.Utilities\ExpenseTracker.Utilities.csproj", "{96814FFC-0302-4F7F-A47A-3A4A3234BEAF}"
EndProject
Global
	GlobalSection(SolutionConfigurationPlatforms) = preSolution
		Debug|Any CPU = Debug|Any CPU
		Release|Any CPU = Release|Any CPU
	EndGlobalSection
	GlobalSection(ProjectConfigurationPlatforms) = postSolution
		{6CB82919-D619-4826-AF70-5D0909C14D09}.Debug|Any CPU.ActiveCfg = Debug|Any CPU
		{6CB82919-D619-4826-AF70-5D0909C14D09}.Debug|Any CPU.Build.0 = Debug|Any CPU
		{6CB82919-D619-4826-AF70-5D0909C14D09}.Release|Any CPU.ActiveCfg = Release|Any CPU
		{6CB82919-D619-4826-AF70-5D0909C14D09}.Release|Any CPU.Build.0 = Release|Any CPU
		{C1EDE478-CB4E-49B5-9EED-E58FA55262CE}.Debug|Any CPU.ActiveCfg = Debug|Any CPU
		{C1EDE478-CB4E-49B5-9EED-E58FA55262CE}.Debug|Any CPU.Build.0 = Debug|Any CPU
		{C1EDE478-CB4E-49B5-9EED-E58FA55262CE}.Release|Any CPU.ActiveCfg = Release|Any CPU
		{C1EDE478-CB4E-49B5-9EED-E58FA55262CE}.Release|Any CPU.Build.0 = Release|Any CPU
		{A148C040-DB31-4067-8A9E-7BCF281530AB}.Debug|Any CPU.ActiveCfg = Debug|Any CPU
		{A148C040-DB31-4067-8A9E-7BCF281530AB}.Debug|Any CPU.Build.0 = Debug|Any CPU
		{A148C040-DB31-4067-8A9E-7BCF281530AB}.Release|Any CPU.ActiveCfg = Release|Any CPU
		{A148C040-DB31-4067-8A9E-7BCF281530AB}.Release|Any CPU.Build.0 = Release|Any CPU
		{96814FFC-0302-4F7F-A47A-3A4A3234BEAF}.Debug|Any CPU.ActiveCfg = Debug|Any CPU
		{96814FFC-0302-4F7F-A47A-3A4A3234BEAF}.Debug|Any CPU.Build.0 = Debug|Any CPU
		{96814FFC-0302-4F7F-A47A-3A4A3234BEAF}.Release|Any CPU.ActiveCfg = Release|Any CPU
		{96814FFC-0302-4F7F-A47A-3A4A3234BEAF}.Release|Any CPU.Build.0 = Release|Any CPU
	EndGlobalSection
	GlobalSection(SolutionProperties) = preSolution
		HideSolutionNode = FALSE
	EndGlobalSection
	GlobalSection(ExtensibilityGlobals) = postSolution
		SolutionGuid = {B474E68E-83DF-4976-99B1-D5BE6874FBB4}
	EndGlobalSection
EndGlobal
